[root]
name = "min-caml-rust"
version = "0.1.0"
dependencies = [
 "lazy_static 0.2.8 (registry+https://github.com/rust-lang/crates.io-index)",
 "nom 3.0.0 (registry+https://github.com/rust-lang/crates.io-index)",
 "ordered-float 0.4.0 (registry+https://github.com/rust-lang/crates.io-index)",
]

[[package]]
name = "lazy_static"
version = "0.2.8"
source = "registry+https://github.com/rust-lang/crates.io-index"

[[package]]
name = "nom"
version = "3.0.0"
source = "registry+https://github.com/rust-lang/crates.io-index"

[[package]]
name = "num-traits"
version = "0.1.37"
source = "registry+https://github.com/rust-lang/crates.io-index"

[[package]]
name = "ordered-float"
version = "0.4.0"
source = "registry+https://github.com/rust-lang/crates.io-index"
dependencies = [
 "num-traits 0.1.37 (registry+https://github.com/rust-lang/crates.io-index)",
 "unreachable 0.1.1 (registry+https://github.com/rust-lang/crates.io-index)",
]

[[package]]
name = "unreachable"
version = "0.1.1"
source = "registry+https://github.com/rust-lang/crates.io-index"
dependencies = [
 "void 1.0.2 (registry+https://github.com/rust-lang/crates.io-index)",
]

[[package]]
name = "void"
version = "1.0.2"
source = "registry+https://github.com/rust-lang/crates.io-index"

[metadata]
"checksum lazy_static 0.2.8 (registry+https://github.com/rust-lang/crates.io-index)" = "3b37545ab726dd833ec6420aaba8231c5b320814b9029ad585555d2a03e94fbf"
"checksum nom 3.0.0 (registry+https://github.com/rust-lang/crates.io-index)" = "5388009f277d5d889ee01f0ba92e3620c759402cdf52a8d40e9ac06969ee3c88"
"checksum num-traits 0.1.37 (registry+https://github.com/rust-lang/crates.io-index)" = "e1cbfa3781f3fe73dc05321bed52a06d2d491eaa764c52335cf4399f046ece99"
"checksum ordered-float 0.4.0 (registry+https://github.com/rust-lang/crates.io-index)" = "da12c96037889ae0be29dd2bdd260e5a62a7df24e6466d5a15bb8131c1c200a8"
"checksum unreachable 0.1.1 (registry+https://github.com/rust-lang/crates.io-index)" = "1f2ae5ddb18e1c92664717616dd9549dde73f539f01bd7b77c2edb2446bdff91"
"checksum void 1.0.2 (registry+https://github.com/rust-lang/crates.io-index)" = "6a02e4885ed3bc0f2de90ea6dd45ebcbb66dacffe03547fadbb0eeae2770887d"
